
Microsoft Visual Studio Solution File, Format Version 12.00
# Visual Studio Version 16
VisualStudioVersion = 16.0.30523.141
MinimumVisualStudioVersion = 10.0.40219.1
Project("{FAE04EC0-301F-11D3-BF4B-00C04F79EFBC}") = "WindowsFormsApp1", "WindowsFormsApp1\WindowsFormsApp1.csproj", "{66740710-177A-4B8A-B13D-AAD34403394D}"
EndProject
Project("{FAE04EC0-301F-11D3-BF4B-00C04F79EFBC}") = "ClassLibraryTicTacToe", "ClassLibraryTicTacToe\ClassLibraryTicTacToe.csproj", "{4698C2CF-3400-45F1-A2DE-1A778CFF0FD6}"
EndProject
Global
	GlobalSection(SolutionConfigurationPlatforms) = preSolution
		Debug|Any CPU = Debug|Any CPU
		Release|Any CPU = Release|Any CPU
	EndGlobalSection
	GlobalSection(ProjectConfigurationPlatforms) = postSolution
		{66740710-177A-4B8A-B13D-AAD34403394D}.Debug|Any CPU.ActiveCfg = Debug|Any CPU
		{66740710-177A-4B8A-B13D-AAD34403394D}.Debug|Any CPU.Build.0 = Debug|Any CPU
		{66740710-177A-4B8A-B13D-AAD34403394D}.Release|Any CPU.ActiveCfg = Release|Any CPU
		{66740710-177A-4B8A-B13D-AAD34403394D}.Release|Any CPU.Build.0 = Release|Any CPU
		{4698C2CF-3400-45F1-A2DE-1A778CFF0FD6}.Debug|Any CPU.ActiveCfg = Debug|Any CPU
		{4698C2CF-3400-45F1-A2DE-1A778CFF0FD6}.Debug|Any CPU.Build.0 = Debug|Any CPU
		{4698C2CF-3400-45F1-A2DE-1A778CFF0FD6}.Release|Any CPU.ActiveCfg = Release|Any CPU
		{4698C2CF-3400-45F1-A2DE-1A778CFF0FD6}.Release|Any CPU.Build.0 = Release|Any CPU
	EndGlobalSection
	GlobalSection(SolutionProperties) = preSolution
		HideSolutionNode = FALSE
	EndGlobalSection
	GlobalSection(ExtensibilityGlobals) = postSolution
		SolutionGuid = {1DAE2EA9-D5A6-4A2B-A548-C4198841A77C}
	EndGlobalSection
EndGlobal
